
Microsoft Visual Studio Solution File, Format Version 12.00
# Visual Studio Version 16
VisualStudioVersion = 16.0.31911.196
MinimumVisualStudioVersion = 10.0.40219.1
Project("{FAE04EC0-301F-11D3-BF4B-00C04F79EFBC}") = "Tut1", "Tut1\Tut1.csproj", "{C23AE36E-1556-4451-822A-B982826BE7C2}"
EndProject
Project("{FAE04EC0-301F-11D3-BF4B-00C04F79EFBC}") = "Tut2", "Tut2\Tut2.csproj", "{966D623E-ADF5-4629-B57F-795662CE199F}"
EndProject
Project("{FAE04EC0-301F-11D3-BF4B-00C04F79EFBC}") = "Tut3", "Tut3\Tut3.csproj", "{2CD8145E-7FE3-4115-96E3-F48D34103671}"
EndProject
Global
	GlobalSection(SolutionConfigurationPlatforms) = preSolution
		Debug|Any CPU = Debug|Any CPU
		Release|Any CPU = Release|Any CPU
	EndGlobalSection
	GlobalSection(ProjectConfigurationPlatforms) = postSolution
		{C23AE36E-1556-4451-822A-B982826BE7C2}.Debug|Any CPU.ActiveCfg = Debug|Any CPU
		{C23AE36E-1556-4451-822A-B982826BE7C2}.Debug|Any CPU.Build.0 = Debug|Any CPU
		{C23AE36E-1556-4451-822A-B982826BE7C2}.Release|Any CPU.ActiveCfg = Release|Any CPU
		{C23AE36E-1556-4451-822A-B982826BE7C2}.Release|Any CPU.Build.0 = Release|Any CPU
		{966D623E-ADF5-4629-B57F-795662CE199F}.Debug|Any CPU.ActiveCfg = Debug|Any CPU
		{966D623E-ADF5-4629-B57F-795662CE199F}.Debug|Any CPU.Build.0 = Debug|Any CPU
		{966D623E-ADF5-4629-B57F-795662CE199F}.Release|Any CPU.ActiveCfg = Release|Any CPU
		{966D623E-ADF5-4629-B57F-795662CE199F}.Release|Any CPU.Build.0 = Release|Any CPU
		{2CD8145E-7FE3-4115-96E3-F48D34103671}.Debug|Any CPU.ActiveCfg = Debug|Any CPU
		{2CD8145E-7FE3-4115-96E3-F48D34103671}.Debug|Any CPU.Build.0 = Debug|Any CPU
		{2CD8145E-7FE3-4115-96E3-F48D34103671}.Release|Any CPU.ActiveCfg = Release|Any CPU
		{2CD8145E-7FE3-4115-96E3-F48D34103671}.Release|Any CPU.Build.0 = Release|Any CPU
	EndGlobalSection
	GlobalSection(SolutionProperties) = preSolution
		HideSolutionNode = FALSE
	EndGlobalSection
	GlobalSection(ExtensibilityGlobals) = postSolution
		SolutionGuid = {FDF1102D-559B-4542-8FCC-AF3DB17B847A}
	EndGlobalSection
EndGlobal
